
Microsoft Visual Studio Solution File, Format Version 12.00
# Visual Studio Version 16
VisualStudioVersion = 16.0.30225.117
MinimumVisualStudioVersion = 10.0.40219.1
Project("{FAE04EC0-301F-11D3-BF4B-00C04F79EFBC}") = "COMP123-301118326-Assignment3", "COMP123-301118326-Assignment3\COMP123-301118326-Assignment3.csproj", "{9F17D1B8-9B99-4925-B114-57E5470A0A93}"
EndProject
Global
	GlobalSection(SolutionConfigurationPlatforms) = preSolution
		Debug|Any CPU = Debug|Any CPU
		Release|Any CPU = Release|Any CPU
	EndGlobalSection
	GlobalSection(ProjectConfigurationPlatforms) = postSolution
		{9F17D1B8-9B99-4925-B114-57E5470A0A93}.Debug|Any CPU.ActiveCfg = Debug|Any CPU
		{9F17D1B8-9B99-4925-B114-57E5470A0A93}.Debug|Any CPU.Build.0 = Debug|Any CPU
		{9F17D1B8-9B99-4925-B114-57E5470A0A93}.Release|Any CPU.ActiveCfg = Release|Any CPU
		{9F17D1B8-9B99-4925-B114-57E5470A0A93}.Release|Any CPU.Build.0 = Release|Any CPU
	EndGlobalSection
	GlobalSection(SolutionProperties) = preSolution
		HideSolutionNode = FALSE
	EndGlobalSection
	GlobalSection(ExtensibilityGlobals) = postSolution
		SolutionGuid = {C4AF406B-7584-43B9-B221-3E45D21566C4}
	EndGlobalSection
EndGlobal
